
Microsoft Visual Studio Solution File, Format Version 12.00
# Visual Studio 2013
VisualStudioVersion = 12.0.30723.0
MinimumVisualStudioVersion = 10.0.40219.1
Project("{8BC9CEB8-8B4A-11D0-8D11-00A0C91BC942}") = "UMDF 2_0 Driver4", "UMDF 2_0 Driver4\UMDF 2_0 Driver4.vcxproj", "{AA8337EB-11C3-4D3A-928A-AB82D39F3F54}"
EndProject
Project("{8BC9CEB8-8B4A-11D0-8D11-00A0C91BC942}") = "UMDF 2_0 Driver4 Package", "UMDF 2_0 Driver4 Package\UMDF 2_0 Driver4 Package.vcxproj", "{CF8EB42E-EFE0-4C82-BA52-03B41D8EC083}"
	ProjectSection(ProjectDependencies) = postProject
		{AA8337EB-11C3-4D3A-928A-AB82D39F3F54} = {AA8337EB-11C3-4D3A-928A-AB82D39F3F54}
	EndProjectSection
EndProject
Global
	GlobalSection(SolutionConfigurationPlatforms) = preSolution
		Win8.1 Debug|Win32 = Win8.1 Debug|Win32
		Win8.1 Debug|x64 = Win8.1 Debug|x64
		Win8.1 Release|Win32 = Win8.1 Release|Win32
		Win8.1 Release|x64 = Win8.1 Release|x64
	EndGlobalSection
	GlobalSection(ProjectConfigurationPlatforms) = postSolution
		{AA8337EB-11C3-4D3A-928A-AB82D39F3F54}.Win8.1 Debug|Win32.ActiveCfg = Win8.1 Debug|Win32
		{AA8337EB-11C3-4D3A-928A-AB82D39F3F54}.Win8.1 Debug|Win32.Build.0 = Win8.1 Debug|Win32
		{AA8337EB-11C3-4D3A-928A-AB82D39F3F54}.Win8.1 Debug|Win32.Deploy.0 = Win8.1 Debug|Win32
		{AA8337EB-11C3-4D3A-928A-AB82D39F3F54}.Win8.1 Debug|x64.ActiveCfg = Win8.1 Debug|x64
		{AA8337EB-11C3-4D3A-928A-AB82D39F3F54}.Win8.1 Debug|x64.Build.0 = Win8.1 Debug|x64
		{AA8337EB-11C3-4D3A-928A-AB82D39F3F54}.Win8.1 Debug|x64.Deploy.0 = Win8.1 Debug|x64
		{AA8337EB-11C3-4D3A-928A-AB82D39F3F54}.Win8.1 Release|Win32.ActiveCfg = Win8.1 Release|Win32
		{AA8337EB-11C3-4D3A-928A-AB82D39F3F54}.Win8.1 Release|Win32.Build.0 = Win8.1 Release|Win32
		{AA8337EB-11C3-4D3A-928A-AB82D39F3F54}.Win8.1 Release|Win32.Deploy.0 = Win8.1 Release|Win32
		{AA8337EB-11C3-4D3A-928A-AB82D39F3F54}.Win8.1 Release|x64.ActiveCfg = Win8.1 Release|x64
		{AA8337EB-11C3-4D3A-928A-AB82D39F3F54}.Win8.1 Release|x64.Build.0 = Win8.1 Release|x64
		{AA8337EB-11C3-4D3A-928A-AB82D39F3F54}.Win8.1 Release|x64.Deploy.0 = Win8.1 Release|x64
		{CF8EB42E-EFE0-4C82-BA52-03B41D8EC083}.Win8.1 Debug|Win32.ActiveCfg = Win8.1 Debug|Win32
		{CF8EB42E-EFE0-4C82-BA52-03B41D8EC083}.Win8.1 Debug|Win32.Build.0 = Win8.1 Debug|Win32
		{CF8EB42E-EFE0-4C82-BA52-03B41D8EC083}.Win8.1 Debug|Win32.Deploy.0 = Win8.1 Debug|Win32
		{CF8EB42E-EFE0-4C82-BA52-03B41D8EC083}.Win8.1 Debug|x64.ActiveCfg = Win8.1 Debug|x64
		{CF8EB42E-EFE0-4C82-BA52-03B41D8EC083}.Win8.1 Debug|x64.Build.0 = Win8.1 Debug|x64
		{CF8EB42E-EFE0-4C82-BA52-03B41D8EC083}.Win8.1 Debug|x64.Deploy.0 = Win8.1 Debug|x64
		{CF8EB42E-EFE0-4C82-BA52-03B41D8EC083}.Win8.1 Release|Win32.ActiveCfg = Win8.1 Release|Win32
		{CF8EB42E-EFE0-4C82-BA52-03B41D8EC083}.Win8.1 Release|Win32.Build.0 = Win8.1 Release|Win32
		{CF8EB42E-EFE0-4C82-BA52-03B41D8EC083}.Win8.1 Release|Win32.Deploy.0 = Win8.1 Release|Win32
		{CF8EB42E-EFE0-4C82-BA52-03B41D8EC083}.Win8.1 Release|x64.ActiveCfg = Win8.1 Release|x64
		{CF8EB42E-EFE0-4C82-BA52-03B41D8EC083}.Win8.1 Release|x64.Build.0 = Win8.1 Release|x64
		{CF8EB42E-EFE0-4C82-BA52-03B41D8EC083}.Win8.1 Release|x64.Deploy.0 = Win8.1 Release|x64
	EndGlobalSection
	GlobalSection(SolutionProperties) = preSolution
		HideSolutionNode = FALSE
	EndGlobalSection
EndGlobal
