
Microsoft Visual Studio Solution File, Format Version 12.00
# Visual Studio 2013
VisualStudioVersion = 12.0.30723.0
MinimumVisualStudioVersion = 10.0.40219.1
Project("{8BC9CEB8-8B4A-11D0-8D11-00A0C91BC942}") = "UMDF 2_0 Driver3", "UMDF 2_0 Driver3\UMDF 2_0 Driver3.vcxproj", "{8F4B74E8-7326-4BFD-B8D5-FA2C9EE39139}"
EndProject
Project("{8BC9CEB8-8B4A-11D0-8D11-00A0C91BC942}") = "UMDF 2_0 Driver3 Package", "UMDF 2_0 Driver3 Package\UMDF 2_0 Driver3 Package.vcxproj", "{0C2AD102-3873-445A-B8A8-57D595A9F139}"
	ProjectSection(ProjectDependencies) = postProject
		{8F4B74E8-7326-4BFD-B8D5-FA2C9EE39139} = {8F4B74E8-7326-4BFD-B8D5-FA2C9EE39139}
	EndProjectSection
EndProject
Global
	GlobalSection(SolutionConfigurationPlatforms) = preSolution
		Win8.1 Debug|Win32 = Win8.1 Debug|Win32
		Win8.1 Debug|x64 = Win8.1 Debug|x64
		Win8.1 Release|Win32 = Win8.1 Release|Win32
		Win8.1 Release|x64 = Win8.1 Release|x64
	EndGlobalSection
	GlobalSection(ProjectConfigurationPlatforms) = postSolution
		{8F4B74E8-7326-4BFD-B8D5-FA2C9EE39139}.Win8.1 Debug|Win32.ActiveCfg = Win8.1 Debug|Win32
		{8F4B74E8-7326-4BFD-B8D5-FA2C9EE39139}.Win8.1 Debug|Win32.Build.0 = Win8.1 Debug|Win32
		{8F4B74E8-7326-4BFD-B8D5-FA2C9EE39139}.Win8.1 Debug|Win32.Deploy.0 = Win8.1 Debug|Win32
		{8F4B74E8-7326-4BFD-B8D5-FA2C9EE39139}.Win8.1 Debug|x64.ActiveCfg = Win8.1 Debug|x64
		{8F4B74E8-7326-4BFD-B8D5-FA2C9EE39139}.Win8.1 Debug|x64.Build.0 = Win8.1 Debug|x64
		{8F4B74E8-7326-4BFD-B8D5-FA2C9EE39139}.Win8.1 Debug|x64.Deploy.0 = Win8.1 Debug|x64
		{8F4B74E8-7326-4BFD-B8D5-FA2C9EE39139}.Win8.1 Release|Win32.ActiveCfg = Win8.1 Release|Win32
		{8F4B74E8-7326-4BFD-B8D5-FA2C9EE39139}.Win8.1 Release|Win32.Build.0 = Win8.1 Release|Win32
		{8F4B74E8-7326-4BFD-B8D5-FA2C9EE39139}.Win8.1 Release|Win32.Deploy.0 = Win8.1 Release|Win32
		{8F4B74E8-7326-4BFD-B8D5-FA2C9EE39139}.Win8.1 Release|x64.ActiveCfg = Win8.1 Release|x64
		{8F4B74E8-7326-4BFD-B8D5-FA2C9EE39139}.Win8.1 Release|x64.Build.0 = Win8.1 Release|x64
		{8F4B74E8-7326-4BFD-B8D5-FA2C9EE39139}.Win8.1 Release|x64.Deploy.0 = Win8.1 Release|x64
		{0C2AD102-3873-445A-B8A8-57D595A9F139}.Win8.1 Debug|Win32.ActiveCfg = Win8.1 Debug|Win32
		{0C2AD102-3873-445A-B8A8-57D595A9F139}.Win8.1 Debug|Win32.Build.0 = Win8.1 Debug|Win32
		{0C2AD102-3873-445A-B8A8-57D595A9F139}.Win8.1 Debug|Win32.Deploy.0 = Win8.1 Debug|Win32
		{0C2AD102-3873-445A-B8A8-57D595A9F139}.Win8.1 Debug|x64.ActiveCfg = Win8.1 Debug|x64
		{0C2AD102-3873-445A-B8A8-57D595A9F139}.Win8.1 Debug|x64.Build.0 = Win8.1 Debug|x64
		{0C2AD102-3873-445A-B8A8-57D595A9F139}.Win8.1 Debug|x64.Deploy.0 = Win8.1 Debug|x64
		{0C2AD102-3873-445A-B8A8-57D595A9F139}.Win8.1 Release|Win32.ActiveCfg = Win8.1 Release|Win32
		{0C2AD102-3873-445A-B8A8-57D595A9F139}.Win8.1 Release|Win32.Build.0 = Win8.1 Release|Win32
		{0C2AD102-3873-445A-B8A8-57D595A9F139}.Win8.1 Release|Win32.Deploy.0 = Win8.1 Release|Win32
		{0C2AD102-3873-445A-B8A8-57D595A9F139}.Win8.1 Release|x64.ActiveCfg = Win8.1 Release|x64
		{0C2AD102-3873-445A-B8A8-57D595A9F139}.Win8.1 Release|x64.Build.0 = Win8.1 Release|x64
		{0C2AD102-3873-445A-B8A8-57D595A9F139}.Win8.1 Release|x64.Deploy.0 = Win8.1 Release|x64
	EndGlobalSection
	GlobalSection(SolutionProperties) = preSolution
		HideSolutionNode = FALSE
	EndGlobalSection
EndGlobal
